// !$*UTF8*$!
{
	archiveVersion = 1;
	classes = {
	};
	objectVersion = 48;
	objects = {

/* Begin PBXBuildFile section */
		A69260AA84B9979A543DC535 /* Pods_PUNKBeers.framework in Frameworks */ = {isa = PBXBuildFile; fileRef = 04C85C4F6D998A090BF6CB87 /* Pods_PUNKBeers.framework */; };
		F9142CB11FCA1D7400E77AA3 /* Beer.swift in Sources */ = {isa = PBXBuildFile; fileRef = F9142CB01FCA1D7400E77AA3 /* Beer.swift */; };
		F9142CB31FCA217F00E77AA3 /* BeerViewController.swift in Sources */ = {isa = PBXBuildFile; fileRef = F9142CB21FCA217F00E77AA3 /* BeerViewController.swift */; };
		F9142CB51FCA219E00E77AA3 /* BeersTableViewController.swift in Sources */ = {isa = PBXBuildFile; fileRef = F9142CB41FCA219E00E77AA3 /* BeersTableViewController.swift */; };
		F9142CB71FCA40A700E77AA3 /* PunkAPI.swift in Sources */ = {isa = PBXBuildFile; fileRef = F9142CB61FCA40A700E77AA3 /* PunkAPI.swift */; };
		F9598C611FCAE155001DD822 /* BeerTableViewCell.swift in Sources */ = {isa = PBXBuildFile; fileRef = F9598C601FCAE155001DD822 /* BeerTableViewCell.swift */; };
		F96038281FC8A0E400E3EB4D /* AppDelegate.swift in Sources */ = {isa = PBXBuildFile; fileRef = F96038271FC8A0E400E3EB4D /* AppDelegate.swift */; };
		F960382D1FC8A0E400E3EB4D /* Main.storyboard in Resources */ = {isa = PBXBuildFile; fileRef = F960382B1FC8A0E400E3EB4D /* Main.storyboard */; };
		F96038321FC8A0E400E3EB4D /* Assets.xcassets in Resources */ = {isa = PBXBuildFile; fileRef = F96038311FC8A0E400E3EB4D /* Assets.xcassets */; };
		F96038351FC8A0E400E3EB4D /* LaunchScreen.storyboard in Resources */ = {isa = PBXBuildFile; fileRef = F96038331FC8A0E400E3EB4D /* LaunchScreen.storyboard */; };
/* End PBXBuildFile section */

/* Begin PBXCopyFilesBuildPhase section */
		F9C81F501FC9165300F485B2 /* Copy Frameworks */ = {
			isa = PBXCopyFilesBuildPhase;
			buildActionMask = 2147483647;
			dstPath = "";
			dstSubfolderSpec = 10;
			files = (
			);
			name = "Copy Frameworks";
			runOnlyForDeploymentPostprocessing = 0;
		};
/* End PBXCopyFilesBuildPhase section */

/* Begin PBXFileReference section */
		04C85C4F6D998A090BF6CB87 /* Pods_PUNKBeers.framework */ = {isa = PBXFileReference; explicitFileType = wrapper.framework; includeInIndex = 0; path = Pods_PUNKBeers.framework; sourceTree = BUILT_PRODUCTS_DIR; };
		13952489F3EB185D6F4AFFBD /* Pods-PUNKBeers.release.xcconfig */ = {isa = PBXFileReference; includeInIndex = 1; lastKnownFileType = text.xcconfig; name = "Pods-PUNKBeers.release.xcconfig"; path = "Pods/Target Support Files/Pods-PUNKBeers/Pods-PUNKBeers.release.xcconfig"; sourceTree = "<group>"; };
		9E2F1E75165B7BA929072C7D /* Pods-PUNKBeers.debug.xcconfig */ = {isa = PBXFileReference; includeInIndex = 1; lastKnownFileType = text.xcconfig; name = "Pods-PUNKBeers.debug.xcconfig"; path = "Pods/Target Support Files/Pods-PUNKBeers/Pods-PUNKBeers.debug.xcconfig"; sourceTree = "<group>"; };
		F9142CB01FCA1D7400E77AA3 /* Beer.swift */ = {isa = PBXFileReference; fileEncoding = 4; lastKnownFileType = sourcecode.swift; path = Beer.swift; sourceTree = "<group>"; };
		F9142CB21FCA217F00E77AA3 /* BeerViewController.swift */ = {isa = PBXFileReference; fileEncoding = 4; lastKnownFileType = sourcecode.swift; path = BeerViewController.swift; sourceTree = "<group>"; };
		F9142CB41FCA219E00E77AA3 /* BeersTableViewController.swift */ = {isa = PBXFileReference; fileEncoding = 4; lastKnownFileType = sourcecode.swift; path = BeersTableViewController.swift; sourceTree = "<group>"; };
		F9142CB61FCA40A700E77AA3 /* PunkAPI.swift */ = {isa = PBXFileReference; fileEncoding = 4; lastKnownFileType = sourcecode.swift; path = PunkAPI.swift; sourceTree = "<group>"; };
		F9598C601FCAE155001DD822 /* BeerTableViewCell.swift */ = {isa = PBXFileReference; fileEncoding = 4; lastKnownFileType = sourcecode.swift; path = BeerTableViewCell.swift; sourceTree = "<group>"; };
		F96038241FC8A0E400E3EB4D /* PUNKBeers.app */ = {isa = PBXFileReference; explicitFileType = wrapper.application; includeInIndex = 0; path = PUNKBeers.app; sourceTree = BUILT_PRODUCTS_DIR; };
		F96038271FC8A0E400E3EB4D /* AppDelegate.swift */ = {isa = PBXFileReference; lastKnownFileType = sourcecode.swift; path = AppDelegate.swift; sourceTree = "<group>"; };
		F960382C1FC8A0E400E3EB4D /* Base */ = {isa = PBXFileReference; lastKnownFileType = file.storyboard; name = Base; path = Base.lproj/Main.storyboard; sourceTree = "<group>"; };
		F96038311FC8A0E400E3EB4D /* Assets.xcassets */ = {isa = PBXFileReference; lastKnownFileType = folder.assetcatalog; path = Assets.xcassets; sourceTree = "<group>"; };
		F96038341FC8A0E400E3EB4D /* Base */ = {isa = PBXFileReference; lastKnownFileType = file.storyboard; name = Base; path = Base.lproj/LaunchScreen.storyboard; sourceTree = "<group>"; };
		F96038361FC8A0E400E3EB4D /* Info.plist */ = {isa = PBXFileReference; lastKnownFileType = text.plist.xml; path = Info.plist; sourceTree = "<group>"; };
/* End PBXFileReference section */

/* Begin PBXFrameworksBuildPhase section */
		F96038211FC8A0E400E3EB4D /* Frameworks */ = {
			isa = PBXFrameworksBuildPhase;
			buildActionMask = 2147483647;
			files = (
				A69260AA84B9979A543DC535 /* Pods_PUNKBeers.framework in Frameworks */,
			);
			runOnlyForDeploymentPostprocessing = 0;
		};
/* End PBXFrameworksBuildPhase section */

/* Begin PBXGroup section */
		14D3A3D290CCB3F68A15AE08 /* Pods */ = {
			isa = PBXGroup;
			children = (
				9E2F1E75165B7BA929072C7D /* Pods-PUNKBeers.debug.xcconfig */,
				13952489F3EB185D6F4AFFBD /* Pods-PUNKBeers.release.xcconfig */,
			);
			name = Pods;
			sourceTree = "<group>";
		};
		9992B3285BAD34477AE0BC34 /* Frameworks */ = {
			isa = PBXGroup;
			children = (
				04C85C4F6D998A090BF6CB87 /* Pods_PUNKBeers.framework */,
			);
			name = Frameworks;
			sourceTree = "<group>";
		};
		F9142CAB1FCA1C1900E77AA3 /* Views */ = {
			isa = PBXGroup;
			children = (
				F960382B1FC8A0E400E3EB4D /* Main.storyboard */,
				F96038331FC8A0E400E3EB4D /* LaunchScreen.storyboard */,
			);
			name = Views;
			path = ..;
			sourceTree = "<group>";
		};
		F9142CAD1FCA1C6B00E77AA3 /* ViewController */ = {
			isa = PBXGroup;
			children = (
				F9142CB21FCA217F00E77AA3 /* BeerViewController.swift */,
				F9142CB41FCA219E00E77AA3 /* BeersTableViewController.swift */,
				F9598C601FCAE155001DD822 /* BeerTableViewCell.swift */,
			);
			name = ViewController;
			path = ..;
			sourceTree = "<group>";
		};
		F9142CAE1FCA1D1D00E77AA3 /* Model */ = {
			isa = PBXGroup;
			children = (
				F9142CB01FCA1D7400E77AA3 /* Beer.swift */,
			);
			name = Model;
			sourceTree = "<group>";
		};
		F9142CAF1FCA1D2900E77AA3 /* App */ = {
			isa = PBXGroup;
			children = (
				F96038361FC8A0E400E3EB4D /* Info.plist */,
				F96038271FC8A0E400E3EB4D /* AppDelegate.swift */,
				F9142CB61FCA40A700E77AA3 /* PunkAPI.swift */,
			);
			name = App;
			sourceTree = "<group>";
		};
		F960381B1FC8A0E400E3EB4D = {
			isa = PBXGroup;
			children = (
				F96038261FC8A0E400E3EB4D /* PUNKBeers */,
				F96038251FC8A0E400E3EB4D /* Products */,
				14D3A3D290CCB3F68A15AE08 /* Pods */,
				9992B3285BAD34477AE0BC34 /* Frameworks */,
			);
			sourceTree = "<group>";
		};
		F96038251FC8A0E400E3EB4D /* Products */ = {
			isa = PBXGroup;
			children = (
				F96038241FC8A0E400E3EB4D /* PUNKBeers.app */,
			);
			name = Products;
			sourceTree = "<group>";
		};
		F96038261FC8A0E400E3EB4D /* PUNKBeers */ = {
			isa = PBXGroup;
			children = (
				F9142CAF1FCA1D2900E77AA3 /* App */,
				F9142CAE1FCA1D1D00E77AA3 /* Model */,
				F9142CAB1FCA1C1900E77AA3 /* Views */,
				F9142CAD1FCA1C6B00E77AA3 /* ViewController */,
				F96038311FC8A0E400E3EB4D /* Assets.xcassets */,
			);
			path = PUNKBeers;
			sourceTree = "<group>";
		};
/* End PBXGroup section */

/* Begin PBXNativeTarget section */
		F96038231FC8A0E400E3EB4D /* PUNKBeers */ = {
			isa = PBXNativeTarget;
			buildConfigurationList = F96038391FC8A0E400E3EB4D /* Build configuration list for PBXNativeTarget "PUNKBeers" */;
			buildPhases = (
				E1FE3A3DB6648ACF961B3824 /* [CP] Check Pods Manifest.lock */,
				F96038201FC8A0E400E3EB4D /* Sources */,
				F96038211FC8A0E400E3EB4D /* Frameworks */,
				F96038221FC8A0E400E3EB4D /* Resources */,
				F8948D72C00F07599CEF01F0 /* [CP] Embed Pods Frameworks */,
				2AD732A65F7DD284DB0DCED8 /* [CP] Copy Pods Resources */,
				F9C81F501FC9165300F485B2 /* Copy Frameworks */,
			);
			buildRules = (
			);
			dependencies = (
			);
			name = PUNKBeers;
			productName = PUNKBeers;
			productReference = F96038241FC8A0E400E3EB4D /* PUNKBeers.app */;
			productType = "com.apple.product-type.application";
		};
/* End PBXNativeTarget section */

/* Begin PBXProject section */
		F960381C1FC8A0E400E3EB4D /* Project object */ = {
			isa = PBXProject;
			attributes = {
				LastSwiftUpdateCheck = 0830;
				LastUpgradeCheck = 0830;
				ORGANIZATIONNAME = "Rafael dos Santos Calderani";
				TargetAttributes = {
					F96038231FC8A0E400E3EB4D = {
						CreatedOnToolsVersion = 8.3.3;
						ProvisioningStyle = Automatic;
					};
				};
			};
			buildConfigurationList = F960381F1FC8A0E400E3EB4D /* Build configuration list for PBXProject "39951" */;
			compatibilityVersion = "Xcode 8.0";
			developmentRegion = English;
			hasScannedForEncodings = 0;
			knownRegions = (
				en,
				Base,
			);
			mainGroup = F960381B1FC8A0E400E3EB4D;
			productRefGroup = F96038251FC8A0E400E3EB4D /* Products */;
			projectDirPath = "";
			projectRoot = "";
			targets = (
				F96038231FC8A0E400E3EB4D /* PUNKBeers */,
			);
		};
/* End PBXProject section */

/* Begin PBXResourcesBuildPhase section */
		F96038221FC8A0E400E3EB4D /* Resources */ = {
			isa = PBXResourcesBuildPhase;
			buildActionMask = 2147483647;
			files = (
				F96038351FC8A0E400E3EB4D /* LaunchScreen.storyboard in Resources */,
				F96038321FC8A0E400E3EB4D /* Assets.xcassets in Resources */,
				F960382D1FC8A0E400E3EB4D /* Main.storyboard in Resources */,
			);
			runOnlyForDeploymentPostprocessing = 0;
		};
/* End PBXResourcesBuildPhase section */

/* Begin PBXShellScriptBuildPhase section */
		2AD732A65F7DD284DB0DCED8 /* [CP] Copy Pods Resources */ = {
			isa = PBXShellScriptBuildPhase;
			buildActionMask = 2147483647;
			files = (
			);
			inputPaths = (
			);
			name = "[CP] Copy Pods Resources";
			outputPaths = (
			);
			runOnlyForDeploymentPostprocessing = 0;
			shellPath = /bin/sh;
			shellScript = "\"${SRCROOT}/Pods/Target Support Files/Pods-PUNKBeers/Pods-PUNKBeers-resources.sh\"\n";
			showEnvVarsInLog = 0;
		};
		E1FE3A3DB6648ACF961B3824 /* [CP] Check Pods Manifest.lock */ = {
			isa = PBXShellScriptBuildPhase;
			buildActionMask = 2147483647;
			files = (
			);
			inputPaths = (
				"${PODS_PODFILE_DIR_PATH}/Podfile.lock",
				"${PODS_ROOT}/Manifest.lock",
			);
			name = "[CP] Check Pods Manifest.lock";
			outputPaths = (
				"$(DERIVED_FILE_DIR)/Pods-PUNKBeers-checkManifestLockResult.txt",
			);
			runOnlyForDeploymentPostprocessing = 0;
			shellPath = /bin/sh;
			shellScript = "diff \"${PODS_PODFILE_DIR_PATH}/Podfile.lock\" \"${PODS_ROOT}/Manifest.lock\" > /dev/null\nif [ $? != 0 ] ; then\n    # print error to STDERR\n    echo \"error: The sandbox is not in sync with the Podfile.lock. Run 'pod install' or update your CocoaPods installation.\" >&2\n    exit 1\nfi\n# This output is used by Xcode 'outputs' to avoid re-running this script phase.\necho \"SUCCESS\" > \"${SCRIPT_OUTPUT_FILE_0}\"\n";
			showEnvVarsInLog = 0;
		};
		F8948D72C00F07599CEF01F0 /* [CP] Embed Pods Frameworks */ = {
			isa = PBXShellScriptBuildPhase;
			buildActionMask = 2147483647;
			files = (
			);
			inputPaths = (
				"${SRCROOT}/Pods/Target Support Files/Pods-PUNKBeers/Pods-PUNKBeers-frameworks.sh",
				"${BUILT_PRODUCTS_DIR}/Kingfisher/Kingfisher.framework",
			);
			name = "[CP] Embed Pods Frameworks";
			outputPaths = (
				"${TARGET_BUILD_DIR}/${FRAMEWORKS_FOLDER_PATH}/Kingfisher.framework",
			);
			runOnlyForDeploymentPostprocessing = 0;
			shellPath = /bin/sh;
			shellScript = "\"${SRCROOT}/Pods/Target Support Files/Pods-PUNKBeers/Pods-PUNKBeers-frameworks.sh\"\n";
			showEnvVarsInLog = 0;
		};
/* End PBXShellScriptBuildPhase section */

/* Begin PBXSourcesBuildPhase section */
		F96038201FC8A0E400E3EB4D /* Sources */ = {
			isa = PBXSourcesBuildPhase;
			buildActionMask = 2147483647;
			files = (
				F9142CB11FCA1D7400E77AA3 /* Beer.swift in Sources */,
				F9598C611FCAE155001DD822 /* BeerTableViewCell.swift in Sources */,
				F9142CB51FCA219E00E77AA3 /* BeersTableViewController.swift in Sources */,
				F96038281FC8A0E400E3EB4D /* AppDelegate.swift in Sources */,
				F9142CB71FCA40A700E77AA3 /* PunkAPI.swift in Sources */,
				F9142CB31FCA217F00E77AA3 /* BeerViewController.swift in Sources */,
			);
			runOnlyForDeploymentPostprocessing = 0;
		};
/* End PBXSourcesBuildPhase section */

/* Begin PBXVariantGroup section */
		F960382B1FC8A0E400E3EB4D /* Main.storyboard */ = {
			isa = PBXVariantGroup;
			children = (
				F960382C1FC8A0E400E3EB4D /* Base */,
			);
			name = Main.storyboard;
			path = PUNKBeers;
			sourceTree = "<group>";
		};
		F96038331FC8A0E400E3EB4D /* LaunchScreen.storyboard */ = {
			isa = PBXVariantGroup;
			children = (
				F96038341FC8A0E400E3EB4D /* Base */,
			);
			name = LaunchScreen.storyboard;
			path = PUNKBeers;
			sourceTree = "<group>";
		};
/* End PBXVariantGroup section */

/* Begin XCBuildConfiguration section */
		F96038371FC8A0E400E3EB4D /* Debug */ = {
			isa = XCBuildConfiguration;
			buildSettings = {
				ALWAYS_SEARCH_USER_PATHS = NO;
				CLANG_ANALYZER_NONNULL = YES;
				CLANG_ANALYZER_NUMBER_OBJECT_CONVERSION = YES_AGGRESSIVE;
				CLANG_CXX_LANGUAGE_STANDARD = "gnu++0x";
				CLANG_CXX_LIBRARY = "libc++";
				CLANG_ENABLE_MODULES = YES;
				CLANG_ENABLE_OBJC_ARC = YES;
				CLANG_WARN_BOOL_CONVERSION = YES;
				CLANG_WARN_CONSTANT_CONVERSION = YES;
				CLANG_WARN_DIRECT_OBJC_ISA_USAGE = YES_ERROR;
				CLANG_WARN_DOCUMENTATION_COMMENTS = YES;
				CLANG_WARN_EMPTY_BODY = YES;
				CLANG_WARN_ENUM_CONVERSION = YES;
				CLANG_WARN_INFINITE_RECURSION = YES;
				CLANG_WARN_INT_CONVERSION = YES;
				CLANG_WARN_OBJC_ROOT_CLASS = YES_ERROR;
				CLANG_WARN_SUSPICIOUS_MOVE = YES;
				CLANG_WARN_UNREACHABLE_CODE = YES;
				CLANG_WARN__DUPLICATE_METHOD_MATCH = YES;
				"CODE_SIGN_IDENTITY[sdk=iphoneos*]" = "iPhone Developer";
				COPY_PHASE_STRIP = NO;
				DEBUG_INFORMATION_FORMAT = dwarf;
				ENABLE_STRICT_OBJC_MSGSEND = YES;
				ENABLE_TESTABILITY = YES;
				GCC_C_LANGUAGE_STANDARD = gnu99;
				GCC_DYNAMIC_NO_PIC = NO;
				GCC_NO_COMMON_BLOCKS = YES;
				GCC_OPTIMIZATION_LEVEL = 0;
				GCC_PREPROCESSOR_DEFINITIONS = (
					"DEBUG=1",
					"$(inherited)",
				);
				GCC_WARN_64_TO_32_BIT_CONVERSION = YES;
				GCC_WARN_ABOUT_RETURN_TYPE = YES_ERROR;
				GCC_WARN_UNDECLARED_SELECTOR = YES;
				GCC_WARN_UNINITIALIZED_AUTOS = YES_AGGRESSIVE;
				GCC_WARN_UNUSED_FUNCTION = YES;
				GCC_WARN_UNUSED_VARIABLE = YES;
				IPHONEOS_DEPLOYMENT_TARGET = 10.3;
				MTL_ENABLE_DEBUG_INFO = YES;
				ONLY_ACTIVE_ARCH = YES;
				SDKROOT = iphoneos;
				SWIFT_ACTIVE_COMPILATION_CONDITIONS = DEBUG;
				SWIFT_OPTIMIZATION_LEVEL = "-Onone";
				TARGETED_DEVICE_FAMILY = "1,2";
			};
			name = Debug;
		};
		F96038381FC8A0E400E3EB4D /* Release */ = {
			isa = XCBuildConfiguration;
			buildSettings = {
				ALWAYS_SEARCH_USER_PATHS = NO;
				CLANG_ANALYZER_NONNULL = YES;
				CLANG_ANALYZER_NUMBER_OBJECT_CONVERSION = YES_AGGRESSIVE;
				CLANG_CXX_LANGUAGE_STANDARD = "gnu++0x";
				CLANG_CXX_LIBRARY = "libc++";
				CLANG_ENABLE_MODULES = YES;
				CLANG_ENABLE_OBJC_ARC = YES;
				CLANG_WARN_BOOL_CONVERSION = YES;
				CLANG_WARN_CONSTANT_CONVERSION = YES;
				CLANG_WARN_DIRECT_OBJC_ISA_USAGE = YES_ERROR;
				CLANG_WARN_DOCUMENTATION_COMMENTS = YES;
				CLANG_WARN_EMPTY_BODY = YES;
				CLANG_WARN_ENUM_CONVERSION = YES;
				CLANG_WARN_INFINITE_RECURSION = YES;
				CLANG_WARN_INT_CONVERSION = YES;
				CLANG_WARN_OBJC_ROOT_CLASS = YES_ERROR;
				CLANG_WARN_SUSPICIOUS_MOVE = YES;
				CLANG_WARN_UNREACHABLE_CODE = YES;
				CLANG_WARN__DUPLICATE_METHOD_MATCH = YES;
				"CODE_SIGN_IDENTITY[sdk=iphoneos*]" = "iPhone Developer";
				COPY_PHASE_STRIP = NO;
				DEBUG_INFORMATION_FORMAT = "dwarf-with-dsym";
				ENABLE_NS_ASSERTIONS = NO;
				ENABLE_STRICT_OBJC_MSGSEND = YES;
				GCC_C_LANGUAGE_STANDARD = gnu99;
				GCC_NO_COMMON_BLOCKS = YES;
				GCC_WARN_64_TO_32_BIT_CONVERSION = YES;
				GCC_WARN_ABOUT_RETURN_TYPE = YES_ERROR;
				GCC_WARN_UNDECLARED_SELECTOR = YES;
				GCC_WARN_UNINITIALIZED_AUTOS = YES_AGGRESSIVE;
				GCC_WARN_UNUSED_FUNCTION = YES;
				GCC_WARN_UNUSED_VARIABLE = YES;
				IPHONEOS_DEPLOYMENT_TARGET = 10.3;
				MTL_ENABLE_DEBUG_INFO = NO;
				SDKROOT = iphoneos;
				SWIFT_OPTIMIZATION_LEVEL = "-Owholemodule";
				TARGETED_DEVICE_FAMILY = "1,2";
				VALIDATE_PRODUCT = YES;
			};
			name = Release;
		};
		F960383A1FC8A0E400E3EB4D /* Debug */ = {
			isa = XCBuildConfiguration;
			baseConfigurationReference = 9E2F1E75165B7BA929072C7D /* Pods-PUNKBeers.debug.xcconfig */;
			buildSettings = {
				ASSETCATALOG_COMPILER_APPICON_NAME = AppIcon;
				DEVELOPMENT_TEAM = "";
				INFOPLIST_FILE = PUNKBeers/Info.plist;
				IPHONEOS_DEPLOYMENT_TARGET = 10.3;
				LD_RUNPATH_SEARCH_PATHS = "$(inherited) @executable_path/Frameworks";
				PRODUCT_BUNDLE_IDENTIFIER = unknown.com.br.PUNKBeers;
				PRODUCT_NAME = "$(TARGET_NAME)";
				SWIFT_VERSION = 3.0;
				TARGETED_DEVICE_FAMILY = 1;
			};
			name = Debug;
		};
		F960383B1FC8A0E400E3EB4D /* Release */ = {
			isa = XCBuildConfiguration;
			baseConfigurationReference = 13952489F3EB185D6F4AFFBD /* Pods-PUNKBeers.release.xcconfig */;
			buildSettings = {
				ASSETCATALOG_COMPILER_APPICON_NAME = AppIcon;
				DEVELOPMENT_TEAM = "";
				INFOPLIST_FILE = PUNKBeers/Info.plist;
				IPHONEOS_DEPLOYMENT_TARGET = 10.3;
				LD_RUNPATH_SEARCH_PATHS = "$(inherited) @executable_path/Frameworks";
				PRODUCT_BUNDLE_IDENTIFIER = unknown.com.br.PUNKBeers;
				PRODUCT_NAME = "$(TARGET_NAME)";
				SWIFT_VERSION = 3.0;
				TARGETED_DEVICE_FAMILY = 1;
			};
			name = Release;
		};
/* End XCBuildConfiguration section */

/* Begin XCConfigurationList section */
		F960381F1FC8A0E400E3EB4D /* Build configuration list for PBXProject "39951" */ = {
			isa = XCConfigurationList;
			buildConfigurations = (
				F96038371FC8A0E400E3EB4D /* Debug */,
				F96038381FC8A0E400E3EB4D /* Release */,
			);
			defaultConfigurationIsVisible = 0;
			defaultConfigurationName = Release;
		};
		F96038391FC8A0E400E3EB4D /* Build configuration list for PBXNativeTarget "PUNKBeers" */ = {
			isa = XCConfigurationList;
			buildConfigurations = (
				F960383A1FC8A0E400E3EB4D /* Debug */,
				F960383B1FC8A0E400E3EB4D /* Release */,
			);
			defaultConfigurationIsVisible = 0;
			defaultConfigurationName = Release;
		};
/* End XCConfigurationList section */
	};
	rootObject = F960381C1FC8A0E400E3EB4D /* Project object */;
}
